{
    "version": 3,
    "terraform_version": "0.11.14",
    "serial": 4,
    "lineage": "1130fb3a-1235-246d-129d-26d30bc359d4",
    "modules": [
        {
            "path": [
                "root"
            ],
            "outputs": {},
            "resources": {
                "aws_security_group.all_worker_mgmt": {
                    "type": "aws_security_group",
                    "depends_on": [
                        "module.vpc"
                    ],
                    "primary": {
                        "id": "sg-0158b1600da623c97",
                        "attributes": {
                            "arn": "arn:aws:ec2:us-east-2:932250589015:security-group/sg-0158b1600da623c97",
                            "description": "Managed by Terraform",
                            "egress.#": "0",
                            "id": "sg-0158b1600da623c97",
                            "ingress.#": "1",
                            "ingress.3024135210.cidr_blocks.#": "3",
                            "ingress.3024135210.cidr_blocks.0": "10.0.0.0/8",
                            "ingress.3024135210.cidr_blocks.1": "172.16.0.0/12",
                            "ingress.3024135210.cidr_blocks.2": "192.168.0.0/16",
                            "ingress.3024135210.description": "",
                            "ingress.3024135210.from_port": "22",
                            "ingress.3024135210.ipv6_cidr_blocks.#": "0",
                            "ingress.3024135210.prefix_list_ids.#": "0",
                            "ingress.3024135210.protocol": "tcp",
                            "ingress.3024135210.security_groups.#": "0",
                            "ingress.3024135210.self": "false",
                            "ingress.3024135210.to_port": "22",
                            "name": "all_worker_management20190528091435203000000005",
                            "name_prefix": "all_worker_management",
                            "owner_id": "932250589015",
                            "revoke_rules_on_delete": "false",
                            "tags.%": "0",
                            "vpc_id": "vpc-06efab7a9d25adf3b"
                        },
                        "meta": {
                            "e2bfb730-ecaa-11e6-8f88-34363bc7c4c0": {
                                "create": 600000000000,
                                "delete": 600000000000
                            },
                            "schema_version": "1"
                        },
                        "tainted": false
                    },
                    "deposed": [],
                    "provider": "provider.aws"
                },
                "aws_security_group.worker_group_mgmt_one": {
                    "type": "aws_security_group",
                    "depends_on": [
                        "module.vpc"
                    ],
                    "primary": {
                        "id": "sg-0fb798b59861f98cd",
                        "attributes": {
                            "arn": "arn:aws:ec2:us-east-2:932250589015:security-group/sg-0fb798b59861f98cd",
                            "description": "SG to be applied to all *nix machines",
                            "egress.#": "0",
                            "id": "sg-0fb798b59861f98cd",
                            "ingress.#": "1",
                            "ingress.179083333.cidr_blocks.#": "1",
                            "ingress.179083333.cidr_blocks.0": "10.0.0.0/8",
                            "ingress.179083333.description": "",
                            "ingress.179083333.from_port": "22",
                            "ingress.179083333.ipv6_cidr_blocks.#": "0",
                            "ingress.179083333.prefix_list_ids.#": "0",
                            "ingress.179083333.protocol": "tcp",
                            "ingress.179083333.security_groups.#": "0",
                            "ingress.179083333.self": "false",
                            "ingress.179083333.to_port": "22",
                            "name": "worker_group_mgmt_one20190528091435212100000007",
                            "name_prefix": "worker_group_mgmt_one",
                            "owner_id": "932250589015",
                            "revoke_rules_on_delete": "false",
                            "tags.%": "0",
                            "vpc_id": "vpc-06efab7a9d25adf3b"
                        },
                        "meta": {
                            "e2bfb730-ecaa-11e6-8f88-34363bc7c4c0": {
                                "create": 600000000000,
                                "delete": 600000000000
                            },
                            "schema_version": "1"
                        },
                        "tainted": false
                    },
                    "deposed": [],
                    "provider": "provider.aws"
                },
                "aws_security_group.worker_group_mgmt_two": {
                    "type": "aws_security_group",
                    "depends_on": [
                        "module.vpc"
                    ],
                    "primary": {
                        "id": "sg-07827de6bc885d9df",
                        "attributes": {
                            "arn": "arn:aws:ec2:us-east-2:932250589015:security-group/sg-07827de6bc885d9df",
                            "description": "Managed by Terraform",
                            "egress.#": "0",
                            "id": "sg-07827de6bc885d9df",
                            "ingress.#": "1",
                            "ingress.2994905558.cidr_blocks.#": "1",
                            "ingress.2994905558.cidr_blocks.0": "192.168.0.0/16",
                            "ingress.2994905558.description": "",
                            "ingress.2994905558.from_port": "22",
                            "ingress.2994905558.ipv6_cidr_blocks.#": "0",
                            "ingress.2994905558.prefix_list_ids.#": "0",
                            "ingress.2994905558.protocol": "tcp",
                            "ingress.2994905558.security_groups.#": "0",
                            "ingress.2994905558.self": "false",
                            "ingress.2994905558.to_port": "22",
                            "name": "worker_group_mgmt_two20190528091435177200000004",
                            "name_prefix": "worker_group_mgmt_two",
                            "owner_id": "932250589015",
                            "revoke_rules_on_delete": "false",
                            "tags.%": "0",
                            "vpc_id": "vpc-06efab7a9d25adf3b"
                        },
                        "meta": {
                            "e2bfb730-ecaa-11e6-8f88-34363bc7c4c0": {
                                "create": 600000000000,
                                "delete": 600000000000
                            },
                            "schema_version": "1"
                        },
                        "tainted": false
                    },
                    "deposed": [],
                    "provider": "provider.aws"
                },
                "data.aws_availability_zones.available": {
                    "type": "aws_availability_zones",
                    "depends_on": [],
                    "primary": {
                        "id": "2019-05-28 09:14:02.281528 +0000 UTC",
                        "attributes": {
                            "id": "2019-05-28 09:14:02.281528 +0000 UTC",
                            "names.#": "3",
                            "names.0": "us-east-2a",
                            "names.1": "us-east-2b",
                            "names.2": "us-east-2c",
                            "zone_ids.#": "3",
                            "zone_ids.0": "use2-az1",
                            "zone_ids.1": "use2-az2",
                            "zone_ids.2": "use2-az3"
                        },
                        "meta": {},
                        "tainted": false
                    },
                    "deposed": [],
                    "provider": "provider.aws"
                },
                "random_string.suffix": {
                    "type": "random_string",
                    "depends_on": [],
                    "primary": {
                        "id": "none",
                        "attributes": {
                            "id": "none",
                            "length": "8",
                            "lower": "true",
                            "min_lower": "0",
                            "min_numeric": "0",
                            "min_special": "0",
                            "min_upper": "0",
                            "number": "true",
                            "result": "QcAJyrVw",
                            "special": "false",
                            "upper": "true"
                        },
                        "meta": {
                            "schema_version": "1"
                        },
                        "tainted": false
                    },
                    "deposed": [],
                    "provider": "provider.random"
                }
            },
            "depends_on": []
        },
        {
            "path": [
                "root",
                "eks"
            ],
            "outputs": {
                "cluster_iam_role_arn": {
                    "sensitive": false,
                    "type": "string",
                    "value": "arn:aws:iam::932250589015:role/demo-k8s-QcAJyrVw20190528091416057000000001"
                },
                "cluster_iam_role_name": {
                    "sensitive": false,
                    "type": "string",
                    "value": "demo-k8s-QcAJyrVw20190528091416057000000001"
                },
                "cluster_security_group_id": {
                    "sensitive": false,
                    "type": "string",
                    "value": "sg-0bf26018b135da6a2"
                }
            },
            "resources": {
                "aws_iam_role.cluster": {
                    "type": "aws_iam_role",
                    "depends_on": [
                        "data.aws_iam_policy_document.cluster_assume_role_policy"
                    ],
                    "primary": {
                        "id": "demo-k8s-QcAJyrVw20190528091416057000000001",
                        "attributes": {
                            "arn": "arn:aws:iam::932250589015:role/demo-k8s-QcAJyrVw20190528091416057000000001",
                            "assume_role_policy": "{\"Version\":\"2012-10-17\",\"Statement\":[{\"Sid\":\"EKSClusterAssumeRole\",\"Effect\":\"Allow\",\"Principal\":{\"Service\":\"eks.amazonaws.com\"},\"Action\":\"sts:AssumeRole\"}]}",
                            "create_date": "2019-05-28T09:14:17Z",
                            "description": "",
                            "force_detach_policies": "true",
                            "id": "demo-k8s-QcAJyrVw20190528091416057000000001",
                            "max_session_duration": "3600",
                            "name": "demo-k8s-QcAJyrVw20190528091416057000000001",
                            "name_prefix": "demo-k8s-QcAJyrVw",
                            "path": "/",
                            "tags.%": "0",
                            "unique_id": "AROA5SDTXC5L7VWBXEM3A"
                        },
                        "meta": {},
                        "tainted": false
                    },
                    "deposed": [],
                    "provider": "provider.aws"
                },
                "aws_iam_role_policy_attachment.cluster_AmazonEKSClusterPolicy": {
                    "type": "aws_iam_role_policy_attachment",
                    "depends_on": [
                        "aws_iam_role.cluster"
                    ],
                    "primary": {
                        "id": "demo-k8s-QcAJyrVw20190528091416057000000001-20190528091420663100000002",
                        "attributes": {
                            "id": "demo-k8s-QcAJyrVw20190528091416057000000001-20190528091420663100000002",
                            "policy_arn": "arn:aws:iam::aws:policy/AmazonEKSClusterPolicy",
                            "role": "demo-k8s-QcAJyrVw20190528091416057000000001"
                        },
                        "meta": {},
                        "tainted": false
                    },
                    "deposed": [],
                    "provider": "provider.aws"
                },
                "aws_iam_role_policy_attachment.cluster_AmazonEKSServicePolicy": {
                    "type": "aws_iam_role_policy_attachment",
                    "depends_on": [
                        "aws_iam_role.cluster"
                    ],
                    "primary": {
                        "id": "demo-k8s-QcAJyrVw20190528091416057000000001-20190528091420788800000003",
                        "attributes": {
                            "id": "demo-k8s-QcAJyrVw20190528091416057000000001-20190528091420788800000003",
                            "policy_arn": "arn:aws:iam::aws:policy/AmazonEKSServicePolicy",
                            "role": "demo-k8s-QcAJyrVw20190528091416057000000001"
                        },
                        "meta": {},
                        "tainted": false
                    },
                    "deposed": [],
                    "provider": "provider.aws"
                },
                "aws_security_group.cluster": {
                    "type": "aws_security_group",
                    "depends_on": [],
                    "primary": {
                        "id": "sg-0bf26018b135da6a2",
                        "attributes": {
                            "arn": "arn:aws:ec2:us-east-2:932250589015:security-group/sg-0bf26018b135da6a2",
                            "description": "EKS cluster security group.",
                            "egress.#": "0",
                            "id": "sg-0bf26018b135da6a2",
                            "ingress.#": "0",
                            "name": "demo-k8s-QcAJyrVw20190528091435209000000006",
                            "name_prefix": "demo-k8s-QcAJyrVw",
                            "owner_id": "932250589015",
                            "revoke_rules_on_delete": "false",
                            "tags.%": "2",
                            "tags.Environment": "demo",
                            "tags.Name": "demo-k8s-QcAJyrVw-eks_cluster_sg",
                            "vpc_id": "vpc-06efab7a9d25adf3b"
                        },
                        "meta": {
                            "e2bfb730-ecaa-11e6-8f88-34363bc7c4c0": {
                                "create": 600000000000,
                                "delete": 600000000000
                            },
                            "schema_version": "1"
                        },
                        "tainted": false
                    },
                    "deposed": [],
                    "provider": "provider.aws"
                },
                "aws_security_group_rule.cluster_egress_internet": {
                    "type": "aws_security_group_rule",
                    "depends_on": [
                        "aws_security_group.cluster"
                    ],
                    "primary": {
                        "id": "sgrule-4171940444",
                        "attributes": {
                            "cidr_blocks.#": "1",
                            "cidr_blocks.0": "0.0.0.0/0",
                            "description": "Allow cluster egress access to the Internet.",
                            "from_port": "0",
                            "id": "sgrule-4171940444",
                            "protocol": "-1",
                            "security_group_id": "sg-0bf26018b135da6a2",
                            "self": "false",
                            "to_port": "0",
                            "type": "egress"
                        },
                        "meta": {
                            "schema_version": "2"
                        },
                        "tainted": false
                    },
                    "deposed": [],
                    "provider": "provider.aws"
                },
                "data.aws_ami.eks_worker": {
                    "type": "aws_ami",
                    "depends_on": [],
                    "primary": {
                        "id": "ami-04ea7cb66af82ae4a",
                        "attributes": {
                            "architecture": "x86_64",
                            "block_device_mappings.#": "1",
                            "block_device_mappings.3798922657.device_name": "/dev/xvda",
                            "block_device_mappings.3798922657.ebs.%": "6",
                            "block_device_mappings.3798922657.ebs.delete_on_termination": "true",
                            "block_device_mappings.3798922657.ebs.encrypted": "false",
                            "block_device_mappings.3798922657.ebs.iops": "0",
                            "block_device_mappings.3798922657.ebs.snapshot_id": "snap-0f09edba842b1eb21",
                            "block_device_mappings.3798922657.ebs.volume_size": "20",
                            "block_device_mappings.3798922657.ebs.volume_type": "gp2",
                            "block_device_mappings.3798922657.no_device": "",
                            "block_device_mappings.3798922657.virtual_name": "",
                            "creation_date": "2019-03-30T00:32:53.000Z",
                            "description": "EKS Kubernetes Worker AMI with AmazonLinux2 image (k8s: 1.12.7/2019-03-27/bin/linux/amd64, docker:18.06)",
                            "filter.#": "1",
                            "filter.3458727952.name": "name",
                            "filter.3458727952.values.#": "1",
                            "filter.3458727952.values.0": "amazon-eks-node-1.12-v*",
                            "hypervisor": "xen",
                            "id": "ami-04ea7cb66af82ae4a",
                            "image_id": "ami-04ea7cb66af82ae4a",
                            "image_location": "amazon/amazon-eks-node-1.12-v20190329",
                            "image_owner_alias": "amazon",
                            "image_type": "machine",
                            "most_recent": "true",
                            "name": "amazon-eks-node-1.12-v20190329",
                            "owner_id": "602401143452",
                            "owners.#": "1",
                            "owners.0": "602401143452",
                            "product_codes.#": "0",
                            "public": "true",
                            "root_device_name": "/dev/xvda",
                            "root_device_type": "ebs",
                            "root_snapshot_id": "snap-0f09edba842b1eb21",
                            "sriov_net_support": "simple",
                            "state": "available",
                            "state_reason.%": "2",
                            "state_reason.code": "UNSET",
                            "state_reason.message": "UNSET",
                            "tags.%": "0",
                            "virtualization_type": "hvm"
                        },
                        "meta": {},
                        "tainted": false
                    },
                    "deposed": [],
                    "provider": "provider.aws"
                },
                "data.aws_caller_identity.current": {
                    "type": "aws_caller_identity",
                    "depends_on": [],
                    "primary": {
                        "id": "2019-05-28 09:14:03.83339 +0000 UTC",
                        "attributes": {
                            "account_id": "932250589015",
                            "arn": "arn:aws:iam::932250589015:user/barath",
                            "id": "2019-05-28 09:14:03.83339 +0000 UTC",
                            "user_id": "AIDAJE2MXEBKZC4IFEEJO"
                        },
                        "meta": {},
                        "tainted": false
                    },
                    "deposed": [],
                    "provider": "provider.aws"
                },
                "data.aws_iam_policy_document.cluster_assume_role_policy": {
                    "type": "aws_iam_policy_document",
                    "depends_on": [],
                    "primary": {
                        "id": "2764486067",
                        "attributes": {
                            "id": "2764486067",
                            "json": "{\n  \"Version\": \"2012-10-17\",\n  \"Statement\": [\n    {\n      \"Sid\": \"EKSClusterAssumeRole\",\n      \"Effect\": \"Allow\",\n      \"Action\": \"sts:AssumeRole\",\n      \"Principal\": {\n        \"Service\": \"eks.amazonaws.com\"\n      }\n    }\n  ]\n}",
                            "statement.#": "1",
                            "statement.0.actions.#": "1",
                            "statement.0.actions.2528466339": "sts:AssumeRole",
                            "statement.0.condition.#": "0",
                            "statement.0.effect": "Allow",
                            "statement.0.not_actions.#": "0",
                            "statement.0.not_principals.#": "0",
                            "statement.0.not_resources.#": "0",
                            "statement.0.principals.#": "1",
                            "statement.0.principals.2705940588.identifiers.#": "1",
                            "statement.0.principals.2705940588.identifiers.3220076542": "eks.amazonaws.com",
                            "statement.0.principals.2705940588.type": "Service",
                            "statement.0.resources.#": "0",
                            "statement.0.sid": "EKSClusterAssumeRole",
                            "version": "2012-10-17"
                        },
                        "meta": {},
                        "tainted": false
                    },
                    "deposed": [],
                    "provider": "provider.aws"
                },
                "data.aws_iam_policy_document.workers_assume_role_policy": {
                    "type": "aws_iam_policy_document",
                    "depends_on": [],
                    "primary": {
                        "id": "3778018924",
                        "attributes": {
                            "id": "3778018924",
                            "json": "{\n  \"Version\": \"2012-10-17\",\n  \"Statement\": [\n    {\n      \"Sid\": \"EKSWorkerAssumeRole\",\n      \"Effect\": \"Allow\",\n      \"Action\": \"sts:AssumeRole\",\n      \"Principal\": {\n        \"Service\": \"ec2.amazonaws.com\"\n      }\n    }\n  ]\n}",
                            "statement.#": "1",
                            "statement.0.actions.#": "1",
                            "statement.0.actions.2528466339": "sts:AssumeRole",
                            "statement.0.condition.#": "0",
                            "statement.0.effect": "Allow",
                            "statement.0.not_actions.#": "0",
                            "statement.0.not_principals.#": "0",
                            "statement.0.not_resources.#": "0",
                            "statement.0.principals.#": "1",
                            "statement.0.principals.1134724139.identifiers.#": "1",
                            "statement.0.principals.1134724139.identifiers.3655884555": "ec2.amazonaws.com",
                            "statement.0.principals.1134724139.type": "Service",
                            "statement.0.resources.#": "0",
                            "statement.0.sid": "EKSWorkerAssumeRole",
                            "version": "2012-10-17"
                        },
                        "meta": {},
                        "tainted": false
                    },
                    "deposed": [],
                    "provider": "provider.aws"
                },
                "data.aws_region.current": {
                    "type": "aws_region",
                    "depends_on": [],
                    "primary": {
                        "id": "us-east-2",
                        "attributes": {
                            "description": "US East (Ohio)",
                            "endpoint": "ec2.us-east-2.amazonaws.com",
                            "id": "us-east-2",
                            "name": "us-east-2"
                        },
                        "meta": {},
                        "tainted": false
                    },
                    "deposed": [],
                    "provider": "provider.aws"
                },
                "null_resource.tags_as_list_of_maps": {
                    "type": "null_resource",
                    "depends_on": [],
                    "primary": {
                        "id": "5354380282667961442",
                        "attributes": {
                            "id": "5354380282667961442",
                            "triggers.%": "3",
                            "triggers.key": "Environment",
                            "triggers.propagate_at_launch": "true",
                            "triggers.value": "demo"
                        },
                        "meta": {},
                        "tainted": false
                    },
                    "deposed": [],
                    "provider": "provider.null"
                }
            },
            "depends_on": []
        },
        {
            "path": [
                "root",
                "vpc"
            ],
            "outputs": {
                "azs": {
                    "sensitive": false,
                    "type": "list",
                    "value": [
                        "us-east-2a",
                        "us-east-2b",
                        "us-east-2c"
                    ]
                },
                "default_network_acl_id": {
                    "sensitive": false,
                    "type": "string",
                    "value": "acl-0f0fe8bc2a4bac396"
                },
                "default_route_table_id": {
                    "sensitive": false,
                    "type": "string",
                    "value": "rtb-0639c323effb91a8c"
                },
                "default_security_group_id": {
                    "sensitive": false,
                    "type": "string",
                    "value": "sg-0ccbdf23900ca5737"
                },
                "igw_id": {
                    "sensitive": false,
                    "type": "string",
                    "value": "igw-00eab1d5d8604d764"
                },
                "nat_ids": {
                    "sensitive": false,
                    "type": "list",
                    "value": [
                        "eipalloc-02a41e241180289b3"
                    ]
                },
                "nat_public_ips": {
                    "sensitive": false,
                    "type": "list",
                    "value": [
                        "3.18.33.146"
                    ]
                },
                "natgw_ids": {
                    "sensitive": false,
                    "type": "list",
                    "value": [
                        "nat-0ee5406f899593dc7"
                    ]
                },
                "private_route_table_ids": {
                    "sensitive": false,
                    "type": "list",
                    "value": [
                        "rtb-082a930d2f04a45ca"
                    ]
                },
                "private_subnets": {
                    "sensitive": false,
                    "type": "list",
                    "value": [
                        "subnet-09630b17c1e9ff848",
                        "subnet-00711f2622278749d",
                        "subnet-0c7216cabcccdbb44"
                    ]
                },
                "private_subnets_cidr_blocks": {
                    "sensitive": false,
                    "type": "list",
                    "value": [
                        "10.0.1.0/24",
                        "10.0.2.0/24",
                        "10.0.3.0/24"
                    ]
                },
                "public_route_table_ids": {
                    "sensitive": false,
                    "type": "list",
                    "value": [
                        "rtb-0333db699f2037f5d"
                    ]
                },
                "public_subnets": {
                    "sensitive": false,
                    "type": "list",
                    "value": [
                        "subnet-08716dc48798952ff",
                        "subnet-04477c59506885cc0",
                        "subnet-0b5cdce87e15c2ad1"
                    ]
                },
                "public_subnets_cidr_blocks": {
                    "sensitive": false,
                    "type": "list",
                    "value": [
                        "10.0.4.0/24",
                        "10.0.5.0/24",
                        "10.0.6.0/24"
                    ]
                },
                "vpc_cidr_block": {
                    "sensitive": false,
                    "type": "string",
                    "value": "10.0.0.0/16"
                },
                "vpc_enable_dns_hostnames": {
                    "sensitive": false,
                    "type": "string",
                    "value": "false"
                },
                "vpc_enable_dns_support": {
                    "sensitive": false,
                    "type": "string",
                    "value": "true"
                },
                "vpc_id": {
                    "sensitive": false,
                    "type": "string",
                    "value": "vpc-06efab7a9d25adf3b"
                },
                "vpc_instance_tenancy": {
                    "sensitive": false,
                    "type": "string",
                    "value": "default"
                },
                "vpc_ipv6_association_id": {
                    "sensitive": false,
                    "type": "string",
                    "value": ""
                },
                "vpc_ipv6_cidr_block": {
                    "sensitive": false,
                    "type": "string",
                    "value": ""
                },
                "vpc_main_route_table_id": {
                    "sensitive": false,
                    "type": "string",
                    "value": "rtb-0639c323effb91a8c"
                },
                "vpc_secondary_cidr_blocks": {
                    "sensitive": false,
                    "type": "list",
                    "value": []
                }
            },
            "resources": {
                "aws_eip.nat": {
                    "type": "aws_eip",
                    "depends_on": [
                        "local.nat_gateway_count"
                    ],
                    "primary": {
                        "id": "eipalloc-02a41e241180289b3",
                        "attributes": {
                            "association_id": "",
                            "domain": "vpc",
                            "id": "eipalloc-02a41e241180289b3",
                            "instance": "",
                            "network_interface": "",
                            "private_ip": "",
                            "public_dns": "ec2-3-18-33-146.us-east-2.compute.amazonaws.com",
                            "public_ip": "3.18.33.146",
                            "public_ipv4_pool": "amazon",
                            "tags.%": "3",
                            "tags.Environment": "demo",
                            "tags.Name": "demo-vpc-us-east-2a",
                            "tags.kubernetes.io/cluster/demo-k8s-QcAJyrVw": "shared",
                            "vpc": "true"
                        },
                        "meta": {
                            "e2bfb730-ecaa-11e6-8f88-34363bc7c4c0": {
                                "delete": 180000000000,
                                "read": 900000000000,
                                "update": 300000000000
                            }
                        },
                        "tainted": false
                    },
                    "deposed": [],
                    "provider": "provider.aws"
                },
                "aws_internet_gateway.this": {
                    "type": "aws_internet_gateway",
                    "depends_on": [
                        "local.vpc_id"
                    ],
                    "primary": {
                        "id": "igw-00eab1d5d8604d764",
                        "attributes": {
                            "id": "igw-00eab1d5d8604d764",
                            "owner_id": "932250589015",
                            "tags.%": "3",
                            "tags.Environment": "demo",
                            "tags.Name": "demo-vpc",
                            "tags.kubernetes.io/cluster/demo-k8s-QcAJyrVw": "shared",
                            "vpc_id": "vpc-06efab7a9d25adf3b"
                        },
                        "meta": {},
                        "tainted": false
                    },
                    "deposed": [],
                    "provider": "provider.aws"
                },
                "aws_nat_gateway.this": {
                    "type": "aws_nat_gateway",
                    "depends_on": [
                        "aws_internet_gateway.this",
                        "aws_subnet.public.*",
                        "local.nat_gateway_count",
                        "local.nat_gateway_ips"
                    ],
                    "primary": {
                        "id": "nat-0ee5406f899593dc7",
                        "attributes": {
                            "allocation_id": "eipalloc-02a41e241180289b3",
                            "id": "nat-0ee5406f899593dc7",
                            "network_interface_id": "eni-03ae8dc513b24deed",
                            "private_ip": "10.0.4.11",
                            "public_ip": "3.18.33.146",
                            "subnet_id": "subnet-08716dc48798952ff",
                            "tags.%": "3",
                            "tags.Environment": "demo",
                            "tags.Name": "demo-vpc-us-east-2a",
                            "tags.kubernetes.io/cluster/demo-k8s-QcAJyrVw": "shared"
                        },
                        "meta": {},
                        "tainted": false
                    },
                    "deposed": [],
                    "provider": "provider.aws"
                },
                "aws_route.private_nat_gateway": {
                    "type": "aws_route",
                    "depends_on": [
                        "aws_nat_gateway.this.*",
                        "aws_route_table.private.*",
                        "local.nat_gateway_count"
                    ],
                    "primary": {
                        "id": "r-rtb-082a930d2f04a45ca1080289494",
                        "attributes": {
                            "destination_cidr_block": "0.0.0.0/0",
                            "destination_prefix_list_id": "",
                            "egress_only_gateway_id": "",
                            "gateway_id": "",
                            "id": "r-rtb-082a930d2f04a45ca1080289494",
                            "instance_id": "",
                            "instance_owner_id": "",
                            "nat_gateway_id": "nat-0ee5406f899593dc7",
                            "network_interface_id": "",
                            "origin": "CreateRoute",
                            "route_table_id": "rtb-082a930d2f04a45ca",
                            "state": "active",
                            "transit_gateway_id": "",
                            "vpc_peering_connection_id": ""
                        },
                        "meta": {
                            "e2bfb730-ecaa-11e6-8f88-34363bc7c4c0": {
                                "create": 300000000000,
                                "delete": 300000000000
                            }
                        },
                        "tainted": false
                    },
                    "deposed": [],
                    "provider": "provider.aws"
                },
                "aws_route.public_internet_gateway": {
                    "type": "aws_route",
                    "depends_on": [
                        "aws_internet_gateway.this",
                        "aws_route_table.public"
                    ],
                    "primary": {
                        "id": "r-rtb-0333db699f2037f5d1080289494",
                        "attributes": {
                            "destination_cidr_block": "0.0.0.0/0",
                            "destination_prefix_list_id": "",
                            "egress_only_gateway_id": "",
                            "gateway_id": "igw-00eab1d5d8604d764",
                            "id": "r-rtb-0333db699f2037f5d1080289494",
                            "instance_id": "",
                            "instance_owner_id": "",
                            "nat_gateway_id": "",
                            "network_interface_id": "",
                            "origin": "CreateRoute",
                            "route_table_id": "rtb-0333db699f2037f5d",
                            "state": "active",
                            "transit_gateway_id": "",
                            "vpc_peering_connection_id": ""
                        },
                        "meta": {
                            "e2bfb730-ecaa-11e6-8f88-34363bc7c4c0": {
                                "create": 120000000000,
                                "delete": 300000000000
                            }
                        },
                        "tainted": false
                    },
                    "deposed": [],
                    "provider": "provider.aws"
                },
                "aws_route_table.private": {
                    "type": "aws_route_table",
                    "depends_on": [
                        "local.max_subnet_length",
                        "local.nat_gateway_count",
                        "local.vpc_id"
                    ],
                    "primary": {
                        "id": "rtb-082a930d2f04a45ca",
                        "attributes": {
                            "id": "rtb-082a930d2f04a45ca",
                            "owner_id": "932250589015",
                            "propagating_vgws.#": "0",
                            "route.#": "0",
                            "tags.%": "3",
                            "tags.Environment": "demo",
                            "tags.Name": "demo-vpc-private",
                            "tags.kubernetes.io/cluster/demo-k8s-QcAJyrVw": "shared",
                            "vpc_id": "vpc-06efab7a9d25adf3b"
                        },
                        "meta": {},
                        "tainted": false
                    },
                    "deposed": [],
                    "provider": "provider.aws"
                },
                "aws_route_table.public": {
                    "type": "aws_route_table",
                    "depends_on": [
                        "local.vpc_id"
                    ],
                    "primary": {
                        "id": "rtb-0333db699f2037f5d",
                        "attributes": {
                            "id": "rtb-0333db699f2037f5d",
                            "owner_id": "932250589015",
                            "propagating_vgws.#": "0",
                            "route.#": "0",
                            "tags.%": "3",
                            "tags.Environment": "demo",
                            "tags.Name": "demo-vpc-public",
                            "tags.kubernetes.io/cluster/demo-k8s-QcAJyrVw": "shared",
                            "vpc_id": "vpc-06efab7a9d25adf3b"
                        },
                        "meta": {},
                        "tainted": false
                    },
                    "deposed": [],
                    "provider": "provider.aws"
                },
                "aws_route_table_association.private.0": {
                    "type": "aws_route_table_association",
                    "depends_on": [
                        "aws_route_table.private.*",
                        "aws_subnet.private.*"
                    ],
                    "primary": {
                        "id": "rtbassoc-0b9276d379193aee9",
                        "attributes": {
                            "id": "rtbassoc-0b9276d379193aee9",
                            "route_table_id": "rtb-082a930d2f04a45ca",
                            "subnet_id": "subnet-09630b17c1e9ff848"
                        },
                        "meta": {},
                        "tainted": false
                    },
                    "deposed": [],
                    "provider": "provider.aws"
                },
                "aws_route_table_association.private.1": {
                    "type": "aws_route_table_association",
                    "depends_on": [
                        "aws_route_table.private.*",
                        "aws_subnet.private.*"
                    ],
                    "primary": {
                        "id": "rtbassoc-051e4df9f68b664ae",
                        "attributes": {
                            "id": "rtbassoc-051e4df9f68b664ae",
                            "route_table_id": "rtb-082a930d2f04a45ca",
                            "subnet_id": "subnet-00711f2622278749d"
                        },
                        "meta": {},
                        "tainted": false
                    },
                    "deposed": [],
                    "provider": "provider.aws"
                },
                "aws_route_table_association.private.2": {
                    "type": "aws_route_table_association",
                    "depends_on": [
                        "aws_route_table.private.*",
                        "aws_subnet.private.*"
                    ],
                    "primary": {
                        "id": "rtbassoc-0c2c0c30704709704",
                        "attributes": {
                            "id": "rtbassoc-0c2c0c30704709704",
                            "route_table_id": "rtb-082a930d2f04a45ca",
                            "subnet_id": "subnet-0c7216cabcccdbb44"
                        },
                        "meta": {},
                        "tainted": false
                    },
                    "deposed": [],
                    "provider": "provider.aws"
                },
                "aws_route_table_association.public.0": {
                    "type": "aws_route_table_association",
                    "depends_on": [
                        "aws_route_table.public",
                        "aws_subnet.public.*"
                    ],
                    "primary": {
                        "id": "rtbassoc-042a46ba8f2c090d5",
                        "attributes": {
                            "id": "rtbassoc-042a46ba8f2c090d5",
                            "route_table_id": "rtb-0333db699f2037f5d",
                            "subnet_id": "subnet-08716dc48798952ff"
                        },
                        "meta": {},
                        "tainted": false
                    },
                    "deposed": [],
                    "provider": "provider.aws"
                },
                "aws_route_table_association.public.1": {
                    "type": "aws_route_table_association",
                    "depends_on": [
                        "aws_route_table.public",
                        "aws_subnet.public.*"
                    ],
                    "primary": {
                        "id": "rtbassoc-055482e514dbee814",
                        "attributes": {
                            "id": "rtbassoc-055482e514dbee814",
                            "route_table_id": "rtb-0333db699f2037f5d",
                            "subnet_id": "subnet-04477c59506885cc0"
                        },
                        "meta": {},
                        "tainted": false
                    },
                    "deposed": [],
                    "provider": "provider.aws"
                },
                "aws_route_table_association.public.2": {
                    "type": "aws_route_table_association",
                    "depends_on": [
                        "aws_route_table.public",
                        "aws_subnet.public.*"
                    ],
                    "primary": {
                        "id": "rtbassoc-07c72237bc7c8cfff",
                        "attributes": {
                            "id": "rtbassoc-07c72237bc7c8cfff",
                            "route_table_id": "rtb-0333db699f2037f5d",
                            "subnet_id": "subnet-0b5cdce87e15c2ad1"
                        },
                        "meta": {},
                        "tainted": false
                    },
                    "deposed": [],
                    "provider": "provider.aws"
                },
                "aws_subnet.private.0": {
                    "type": "aws_subnet",
                    "depends_on": [
                        "local.vpc_id"
                    ],
                    "primary": {
                        "id": "subnet-09630b17c1e9ff848",
                        "attributes": {
                            "arn": "arn:aws:ec2:us-east-2:932250589015:subnet/subnet-09630b17c1e9ff848",
                            "assign_ipv6_address_on_creation": "false",
                            "availability_zone": "us-east-2a",
                            "availability_zone_id": "use2-az1",
                            "cidr_block": "10.0.1.0/24",
                            "id": "subnet-09630b17c1e9ff848",
                            "ipv6_cidr_block": "",
                            "ipv6_cidr_block_association_id": "",
                            "map_public_ip_on_launch": "false",
                            "owner_id": "932250589015",
                            "tags.%": "3",
                            "tags.Environment": "demo",
                            "tags.Name": "demo-vpc-private-us-east-2a",
                            "tags.kubernetes.io/cluster/demo-k8s-QcAJyrVw": "shared",
                            "vpc_id": "vpc-06efab7a9d25adf3b"
                        },
                        "meta": {
                            "e2bfb730-ecaa-11e6-8f88-34363bc7c4c0": {
                                "create": 600000000000,
                                "delete": 600000000000
                            },
                            "schema_version": "1"
                        },
                        "tainted": false
                    },
                    "deposed": [],
                    "provider": "provider.aws"
                },
                "aws_subnet.private.1": {
                    "type": "aws_subnet",
                    "depends_on": [
                        "local.vpc_id"
                    ],
                    "primary": {
                        "id": "subnet-00711f2622278749d",
                        "attributes": {
                            "arn": "arn:aws:ec2:us-east-2:932250589015:subnet/subnet-00711f2622278749d",
                            "assign_ipv6_address_on_creation": "false",
                            "availability_zone": "us-east-2b",
                            "availability_zone_id": "use2-az2",
                            "cidr_block": "10.0.2.0/24",
                            "id": "subnet-00711f2622278749d",
                            "ipv6_cidr_block": "",
                            "ipv6_cidr_block_association_id": "",
                            "map_public_ip_on_launch": "false",
                            "owner_id": "932250589015",
                            "tags.%": "3",
                            "tags.Environment": "demo",
                            "tags.Name": "demo-vpc-private-us-east-2b",
                            "tags.kubernetes.io/cluster/demo-k8s-QcAJyrVw": "shared",
                            "vpc_id": "vpc-06efab7a9d25adf3b"
                        },
                        "meta": {
                            "e2bfb730-ecaa-11e6-8f88-34363bc7c4c0": {
                                "create": 600000000000,
                                "delete": 600000000000
                            },
                            "schema_version": "1"
                        },
                        "tainted": false
                    },
                    "deposed": [],
                    "provider": "provider.aws"
                },
                "aws_subnet.private.2": {
                    "type": "aws_subnet",
                    "depends_on": [
                        "local.vpc_id"
                    ],
                    "primary": {
                        "id": "subnet-0c7216cabcccdbb44",
                        "attributes": {
                            "arn": "arn:aws:ec2:us-east-2:932250589015:subnet/subnet-0c7216cabcccdbb44",
                            "assign_ipv6_address_on_creation": "false",
                            "availability_zone": "us-east-2c",
                            "availability_zone_id": "use2-az3",
                            "cidr_block": "10.0.3.0/24",
                            "id": "subnet-0c7216cabcccdbb44",
                            "ipv6_cidr_block": "",
                            "ipv6_cidr_block_association_id": "",
                            "map_public_ip_on_launch": "false",
                            "owner_id": "932250589015",
                            "tags.%": "3",
                            "tags.Environment": "demo",
                            "tags.Name": "demo-vpc-private-us-east-2c",
                            "tags.kubernetes.io/cluster/demo-k8s-QcAJyrVw": "shared",
                            "vpc_id": "vpc-06efab7a9d25adf3b"
                        },
                        "meta": {
                            "e2bfb730-ecaa-11e6-8f88-34363bc7c4c0": {
                                "create": 600000000000,
                                "delete": 600000000000
                            },
                            "schema_version": "1"
                        },
                        "tainted": false
                    },
                    "deposed": [],
                    "provider": "provider.aws"
                },
                "aws_subnet.public.0": {
                    "type": "aws_subnet",
                    "depends_on": [
                        "local.vpc_id"
                    ],
                    "primary": {
                        "id": "subnet-08716dc48798952ff",
                        "attributes": {
                            "arn": "arn:aws:ec2:us-east-2:932250589015:subnet/subnet-08716dc48798952ff",
                            "assign_ipv6_address_on_creation": "false",
                            "availability_zone": "us-east-2a",
                            "availability_zone_id": "use2-az1",
                            "cidr_block": "10.0.4.0/24",
                            "id": "subnet-08716dc48798952ff",
                            "ipv6_cidr_block": "",
                            "ipv6_cidr_block_association_id": "",
                            "map_public_ip_on_launch": "true",
                            "owner_id": "932250589015",
                            "tags.%": "3",
                            "tags.Environment": "demo",
                            "tags.Name": "demo-vpc-public-us-east-2a",
                            "tags.kubernetes.io/cluster/demo-k8s-QcAJyrVw": "shared",
                            "vpc_id": "vpc-06efab7a9d25adf3b"
                        },
                        "meta": {
                            "e2bfb730-ecaa-11e6-8f88-34363bc7c4c0": {
                                "create": 600000000000,
                                "delete": 600000000000
                            },
                            "schema_version": "1"
                        },
                        "tainted": false
                    },
                    "deposed": [],
                    "provider": "provider.aws"
                },
                "aws_subnet.public.1": {
                    "type": "aws_subnet",
                    "depends_on": [
                        "local.vpc_id"
                    ],
                    "primary": {
                        "id": "subnet-04477c59506885cc0",
                        "attributes": {
                            "arn": "arn:aws:ec2:us-east-2:932250589015:subnet/subnet-04477c59506885cc0",
                            "assign_ipv6_address_on_creation": "false",
                            "availability_zone": "us-east-2b",
                            "availability_zone_id": "use2-az2",
                            "cidr_block": "10.0.5.0/24",
                            "id": "subnet-04477c59506885cc0",
                            "ipv6_cidr_block": "",
                            "ipv6_cidr_block_association_id": "",
                            "map_public_ip_on_launch": "true",
                            "owner_id": "932250589015",
                            "tags.%": "3",
                            "tags.Environment": "demo",
                            "tags.Name": "demo-vpc-public-us-east-2b",
                            "tags.kubernetes.io/cluster/demo-k8s-QcAJyrVw": "shared",
                            "vpc_id": "vpc-06efab7a9d25adf3b"
                        },
                        "meta": {
                            "e2bfb730-ecaa-11e6-8f88-34363bc7c4c0": {
                                "create": 600000000000,
                                "delete": 600000000000
                            },
                            "schema_version": "1"
                        },
                        "tainted": false
                    },
                    "deposed": [],
                    "provider": "provider.aws"
                },
                "aws_subnet.public.2": {
                    "type": "aws_subnet",
                    "depends_on": [
                        "local.vpc_id"
                    ],
                    "primary": {
                        "id": "subnet-0b5cdce87e15c2ad1",
                        "attributes": {
                            "arn": "arn:aws:ec2:us-east-2:932250589015:subnet/subnet-0b5cdce87e15c2ad1",
                            "assign_ipv6_address_on_creation": "false",
                            "availability_zone": "us-east-2c",
                            "availability_zone_id": "use2-az3",
                            "cidr_block": "10.0.6.0/24",
                            "id": "subnet-0b5cdce87e15c2ad1",
                            "ipv6_cidr_block": "",
                            "ipv6_cidr_block_association_id": "",
                            "map_public_ip_on_launch": "true",
                            "owner_id": "932250589015",
                            "tags.%": "3",
                            "tags.Environment": "demo",
                            "tags.Name": "demo-vpc-public-us-east-2c",
                            "tags.kubernetes.io/cluster/demo-k8s-QcAJyrVw": "shared",
                            "vpc_id": "vpc-06efab7a9d25adf3b"
                        },
                        "meta": {
                            "e2bfb730-ecaa-11e6-8f88-34363bc7c4c0": {
                                "create": 600000000000,
                                "delete": 600000000000
                            },
                            "schema_version": "1"
                        },
                        "tainted": false
                    },
                    "deposed": [],
                    "provider": "provider.aws"
                },
                "aws_vpc.eks-vpc": {
                    "type": "aws_vpc",
                    "depends_on": [],
                    "primary": {
                        "id": "vpc-06efab7a9d25adf3b",
                        "attributes": {
                            "arn": "arn:aws:ec2:us-east-2:932250589015:vpc/vpc-06efab7a9d25adf3b",
                            "assign_generated_ipv6_cidr_block": "false",
                            "cidr_block": "10.0.0.0/16",
                            "default_network_acl_id": "acl-0f0fe8bc2a4bac396",
                            "default_route_table_id": "rtb-0639c323effb91a8c",
                            "default_security_group_id": "sg-0ccbdf23900ca5737",
                            "dhcp_options_id": "dopt-22d3b24a",
                            "enable_dns_hostnames": "false",
                            "enable_dns_support": "true",
                            "id": "vpc-06efab7a9d25adf3b",
                            "instance_tenancy": "default",
                            "ipv6_association_id": "",
                            "ipv6_cidr_block": "",
                            "main_route_table_id": "rtb-0639c323effb91a8c",
                            "owner_id": "932250589015",
                            "tags.%": "3",
                            "tags.Environment": "demo",
                            "tags.Name": "demo-vpc",
                            "tags.kubernetes.io/cluster/demo-k8s-QcAJyrVw": "shared"
                        },
                        "meta": {
                            "schema_version": "1"
                        },
                        "tainted": false
                    },
                    "deposed": [],
                    "provider": "provider.aws"
                }
            },
            "depends_on": []
        }
    ]
}
